
Microsoft Visual Studio Solution File, Format Version 12.00
# Visual Studio Version 16
VisualStudioVersion = 16.0.29102.190
MinimumVisualStudioVersion = 10.0.40219.1
Project("{FAE04EC0-301F-11D3-BF4B-00C04F79EFBC}") = "SportsStore.Domain", "SportsStore.Domain\SportsStore.Domain.csproj", "{F7C023F6-DD80-4714-9860-1D6CC56D039E}"
EndProject
Project("{FAE04EC0-301F-11D3-BF4B-00C04F79EFBC}") = "SportsStore.WebUI", "SportsStore.WebUI\SportsStore.WebUI.csproj", "{C9CB5C21-73DC-478D-B25C-BBA461DC65F2}"
EndProject
Project("{FAE04EC0-301F-11D3-BF4B-00C04F79EFBC}") = "SportsStore.UnitTests", "SportsStore.UnitTests\SportsStore.UnitTests.csproj", "{8345E7D0-2AF1-4C62-A000-DA269F8A87CE}"
EndProject
Global
	GlobalSection(SolutionConfigurationPlatforms) = preSolution
		Debug|Any CPU = Debug|Any CPU
		Release|Any CPU = Release|Any CPU
	EndGlobalSection
	GlobalSection(ProjectConfigurationPlatforms) = postSolution
		{F7C023F6-DD80-4714-9860-1D6CC56D039E}.Debug|Any CPU.ActiveCfg = Debug|Any CPU
		{F7C023F6-DD80-4714-9860-1D6CC56D039E}.Debug|Any CPU.Build.0 = Debug|Any CPU
		{F7C023F6-DD80-4714-9860-1D6CC56D039E}.Release|Any CPU.ActiveCfg = Release|Any CPU
		{F7C023F6-DD80-4714-9860-1D6CC56D039E}.Release|Any CPU.Build.0 = Release|Any CPU
		{C9CB5C21-73DC-478D-B25C-BBA461DC65F2}.Debug|Any CPU.ActiveCfg = Debug|Any CPU
		{C9CB5C21-73DC-478D-B25C-BBA461DC65F2}.Debug|Any CPU.Build.0 = Debug|Any CPU
		{C9CB5C21-73DC-478D-B25C-BBA461DC65F2}.Release|Any CPU.ActiveCfg = Release|Any CPU
		{C9CB5C21-73DC-478D-B25C-BBA461DC65F2}.Release|Any CPU.Build.0 = Release|Any CPU
		{8345E7D0-2AF1-4C62-A000-DA269F8A87CE}.Debug|Any CPU.ActiveCfg = Debug|Any CPU
		{8345E7D0-2AF1-4C62-A000-DA269F8A87CE}.Debug|Any CPU.Build.0 = Debug|Any CPU
		{8345E7D0-2AF1-4C62-A000-DA269F8A87CE}.Release|Any CPU.ActiveCfg = Release|Any CPU
		{8345E7D0-2AF1-4C62-A000-DA269F8A87CE}.Release|Any CPU.Build.0 = Release|Any CPU
	EndGlobalSection
	GlobalSection(SolutionProperties) = preSolution
		HideSolutionNode = FALSE
	EndGlobalSection
	GlobalSection(ExtensibilityGlobals) = postSolution
		SolutionGuid = {0011E324-AF3F-4B2B-92F5-56E824072CA3}
	EndGlobalSection
EndGlobal
